
Microsoft Visual Studio Solution File, Format Version 12.00
# Visual Studio Version 17
VisualStudioVersion = 17.0.31912.275
MinimumVisualStudioVersion = 10.0.40219.1
Project("{FAE04EC0-301F-11D3-BF4B-00C04F79EFBC}") = "RandomDSTChelGenerator", "RandomDSTChelGenerator\RandomDSTChelGenerator.csproj", "{2C5FC3B0-C1FD-4C1D-87EF-93756215AAEC}"
EndProject
Global
	GlobalSection(SolutionConfigurationPlatforms) = preSolution
		Debug|Any CPU = Debug|Any CPU
		Release|Any CPU = Release|Any CPU
	EndGlobalSection
	GlobalSection(ProjectConfigurationPlatforms) = postSolution
		{2C5FC3B0-C1FD-4C1D-87EF-93756215AAEC}.Debug|Any CPU.ActiveCfg = Debug|Any CPU
		{2C5FC3B0-C1FD-4C1D-87EF-93756215AAEC}.Debug|Any CPU.Build.0 = Debug|Any CPU
		{2C5FC3B0-C1FD-4C1D-87EF-93756215AAEC}.Release|Any CPU.ActiveCfg = Release|Any CPU
		{2C5FC3B0-C1FD-4C1D-87EF-93756215AAEC}.Release|Any CPU.Build.0 = Release|Any CPU
	EndGlobalSection
	GlobalSection(SolutionProperties) = preSolution
		HideSolutionNode = FALSE
	EndGlobalSection
	GlobalSection(ExtensibilityGlobals) = postSolution
		SolutionGuid = {C44FEA13-F699-4684-A1C6-070502833E4B}
	EndGlobalSection
EndGlobal
